
Microsoft Visual Studio Solution File, Format Version 12.00
# Visual Studio Version 16
VisualStudioVersion = 16.0.30114.105
MinimumVisualStudioVersion = 10.0.40219.1
Project("{9A19103F-16F7-4668-BE54-9A1E7A4F7556}") = "Application", "Application\Application.csproj", "{5997BF61-5641-4DB3-B883-B50B617E1971}"
EndProject
Project("{9A19103F-16F7-4668-BE54-9A1E7A4F7556}") = "WebApi", "WebApi\WebApi.csproj", "{D9073390-AC60-4B65-8FEE-ED80D8A81052}"
EndProject
Project("{9A19103F-16F7-4668-BE54-9A1E7A4F7556}") = "UnitTest", "UnitTest\UnitTest.csproj", "{2767371B-A72B-44A5-BDD6-799004413226}"
EndProject
Project("{9A19103F-16F7-4668-BE54-9A1E7A4F7556}") = "Library", "Library\Library.csproj", "{DD947761-D2F4-4DFB-B3A1-F4E813793E26}"
EndProject
Global
	GlobalSection(SolutionConfigurationPlatforms) = preSolution
		Debug|Any CPU = Debug|Any CPU
		Release|Any CPU = Release|Any CPU
	EndGlobalSection
	GlobalSection(ProjectConfigurationPlatforms) = postSolution
		{5997BF61-5641-4DB3-B883-B50B617E1971}.Debug|Any CPU.ActiveCfg = Debug|Any CPU
		{5997BF61-5641-4DB3-B883-B50B617E1971}.Debug|Any CPU.Build.0 = Debug|Any CPU
		{5997BF61-5641-4DB3-B883-B50B617E1971}.Release|Any CPU.ActiveCfg = Release|Any CPU
		{5997BF61-5641-4DB3-B883-B50B617E1971}.Release|Any CPU.Build.0 = Release|Any CPU
		{D9073390-AC60-4B65-8FEE-ED80D8A81052}.Debug|Any CPU.ActiveCfg = Debug|Any CPU
		{D9073390-AC60-4B65-8FEE-ED80D8A81052}.Debug|Any CPU.Build.0 = Debug|Any CPU
		{D9073390-AC60-4B65-8FEE-ED80D8A81052}.Release|Any CPU.ActiveCfg = Release|Any CPU
		{D9073390-AC60-4B65-8FEE-ED80D8A81052}.Release|Any CPU.Build.0 = Release|Any CPU
		{2767371B-A72B-44A5-BDD6-799004413226}.Debug|Any CPU.ActiveCfg = Debug|Any CPU
		{2767371B-A72B-44A5-BDD6-799004413226}.Debug|Any CPU.Build.0 = Debug|Any CPU
		{2767371B-A72B-44A5-BDD6-799004413226}.Release|Any CPU.ActiveCfg = Release|Any CPU
		{2767371B-A72B-44A5-BDD6-799004413226}.Release|Any CPU.Build.0 = Release|Any CPU
		{DD947761-D2F4-4DFB-B3A1-F4E813793E26}.Debug|Any CPU.ActiveCfg = Debug|Any CPU
		{DD947761-D2F4-4DFB-B3A1-F4E813793E26}.Debug|Any CPU.Build.0 = Debug|Any CPU
		{DD947761-D2F4-4DFB-B3A1-F4E813793E26}.Release|Any CPU.ActiveCfg = Release|Any CPU
		{DD947761-D2F4-4DFB-B3A1-F4E813793E26}.Release|Any CPU.Build.0 = Release|Any CPU
	EndGlobalSection
	GlobalSection(SolutionProperties) = preSolution
		HideSolutionNode = FALSE
	EndGlobalSection
	GlobalSection(ExtensibilityGlobals) = postSolution
		SolutionGuid = {C264680D-E730-419F-B764-80B0AC060E07}
	EndGlobalSection
EndGlobal
